
Microsoft Visual Studio Solution File, Format Version 12.00
# Visual Studio 15
Project("{FAE04EC0-301F-11D3-BF4B-00C04F79EFBC}") = "VisualStateTriggers.Android", "VisualStateTriggers.Android\VisualStateTriggers.Android.csproj", "{00F67747-D87B-4EEE-9440-0C3808A6A1B2}"
EndProject
Project("{FAE04EC0-301F-11D3-BF4B-00C04F79EFBC}") = "VisualStateTriggers.iOS", "VisualStateTriggers.iOS\VisualStateTriggers.iOS.csproj", "{5FF685A2-5D79-402C-99AD-2783F5EA09ED}"
EndProject
Project("{FAE04EC0-301F-11D3-BF4B-00C04F79EFBC}") = "VisualStateTriggers", "VisualStateTriggers\VisualStateTriggers.csproj", "{C61BF4EA-E58C-4D53-8A1F-161BED8D04EE}"
EndProject
Global
	GlobalSection(SolutionConfigurationPlatforms) = preSolution
		Debug|Any CPU = Debug|Any CPU
		Release|Any CPU = Release|Any CPU
		Debug|iPhoneSimulator = Debug|iPhoneSimulator
		Release|iPhoneSimulator = Release|iPhoneSimulator
		Debug|iPhone = Debug|iPhone
		Release|iPhone = Release|iPhone
	EndGlobalSection
	GlobalSection(ProjectConfigurationPlatforms) = postSolution
		{00F67747-D87B-4EEE-9440-0C3808A6A1B2}.Debug|Any CPU.ActiveCfg = Debug|Any CPU
		{00F67747-D87B-4EEE-9440-0C3808A6A1B2}.Debug|Any CPU.Build.0 = Debug|Any CPU
		{00F67747-D87B-4EEE-9440-0C3808A6A1B2}.Release|Any CPU.ActiveCfg = Release|Any CPU
		{00F67747-D87B-4EEE-9440-0C3808A6A1B2}.Release|Any CPU.Build.0 = Release|Any CPU
		{00F67747-D87B-4EEE-9440-0C3808A6A1B2}.Debug|iPhoneSimulator.ActiveCfg = Debug|Any CPU
		{00F67747-D87B-4EEE-9440-0C3808A6A1B2}.Debug|iPhoneSimulator.Build.0 = Debug|Any CPU
		{00F67747-D87B-4EEE-9440-0C3808A6A1B2}.Release|iPhoneSimulator.ActiveCfg = Release|Any CPU
		{00F67747-D87B-4EEE-9440-0C3808A6A1B2}.Release|iPhoneSimulator.Build.0 = Release|Any CPU
		{00F67747-D87B-4EEE-9440-0C3808A6A1B2}.Debug|iPhone.ActiveCfg = Debug|Any CPU
		{00F67747-D87B-4EEE-9440-0C3808A6A1B2}.Debug|iPhone.Build.0 = Debug|Any CPU
		{00F67747-D87B-4EEE-9440-0C3808A6A1B2}.Release|iPhone.ActiveCfg = Release|Any CPU
		{00F67747-D87B-4EEE-9440-0C3808A6A1B2}.Release|iPhone.Build.0 = Release|Any CPU
		{5FF685A2-5D79-402C-99AD-2783F5EA09ED}.Debug|Any CPU.ActiveCfg = Debug|iPhoneSimulator
		{5FF685A2-5D79-402C-99AD-2783F5EA09ED}.Debug|Any CPU.Build.0 = Debug|iPhoneSimulator
		{5FF685A2-5D79-402C-99AD-2783F5EA09ED}.Release|Any CPU.ActiveCfg = Release|iPhoneSimulator
		{5FF685A2-5D79-402C-99AD-2783F5EA09ED}.Release|Any CPU.Build.0 = Release|iPhoneSimulator
		{5FF685A2-5D79-402C-99AD-2783F5EA09ED}.Debug|iPhoneSimulator.ActiveCfg = Debug|iPhoneSimulator
		{5FF685A2-5D79-402C-99AD-2783F5EA09ED}.Debug|iPhoneSimulator.Build.0 = Debug|iPhoneSimulator
		{5FF685A2-5D79-402C-99AD-2783F5EA09ED}.Release|iPhoneSimulator.ActiveCfg = Release|iPhoneSimulator
		{5FF685A2-5D79-402C-99AD-2783F5EA09ED}.Release|iPhoneSimulator.Build.0 = Release|iPhoneSimulator
		{5FF685A2-5D79-402C-99AD-2783F5EA09ED}.Debug|iPhone.ActiveCfg = Debug|iPhone
		{5FF685A2-5D79-402C-99AD-2783F5EA09ED}.Debug|iPhone.Build.0 = Debug|iPhone
		{5FF685A2-5D79-402C-99AD-2783F5EA09ED}.Release|iPhone.ActiveCfg = Release|iPhone
		{5FF685A2-5D79-402C-99AD-2783F5EA09ED}.Release|iPhone.Build.0 = Release|iPhone
		{C61BF4EA-E58C-4D53-8A1F-161BED8D04EE}.Debug|Any CPU.ActiveCfg = Debug|Any CPU
		{C61BF4EA-E58C-4D53-8A1F-161BED8D04EE}.Debug|Any CPU.Build.0 = Debug|Any CPU
		{C61BF4EA-E58C-4D53-8A1F-161BED8D04EE}.Release|Any CPU.ActiveCfg = Release|Any CPU
		{C61BF4EA-E58C-4D53-8A1F-161BED8D04EE}.Release|Any CPU.Build.0 = Release|Any CPU
		{C61BF4EA-E58C-4D53-8A1F-161BED8D04EE}.Debug|iPhoneSimulator.ActiveCfg = Debug|Any CPU
		{C61BF4EA-E58C-4D53-8A1F-161BED8D04EE}.Debug|iPhoneSimulator.Build.0 = Debug|Any CPU
		{C61BF4EA-E58C-4D53-8A1F-161BED8D04EE}.Release|iPhoneSimulator.ActiveCfg = Release|Any CPU
		{C61BF4EA-E58C-4D53-8A1F-161BED8D04EE}.Release|iPhoneSimulator.Build.0 = Release|Any CPU
		{C61BF4EA-E58C-4D53-8A1F-161BED8D04EE}.Debug|iPhone.ActiveCfg = Debug|Any CPU
		{C61BF4EA-E58C-4D53-8A1F-161BED8D04EE}.Debug|iPhone.Build.0 = Debug|Any CPU
		{C61BF4EA-E58C-4D53-8A1F-161BED8D04EE}.Release|iPhone.ActiveCfg = Release|Any CPU
		{C61BF4EA-E58C-4D53-8A1F-161BED8D04EE}.Release|iPhone.Build.0 = Release|Any CPU
	EndGlobalSection
EndGlobal
